
Microsoft Visual Studio Solution File, Format Version 12.00
# Visual Studio 15
Project("{FAE04EC0-301F-11D3-BF4B-00C04F79EFBC}") = "Assembly-CSharp", "Assembly-CSharp.csproj", "{0E586EEC-FDE8-DE03-7F4F-4AA14A7FC33F}"
EndProject
Project("{FAE04EC0-301F-11D3-BF4B-00C04F79EFBC}") = "Assembly-CSharp-Editor", "Assembly-CSharp-Editor.csproj", "{F01FB486-2596-2A8F-02D4-008A8B757A7B}"
EndProject
Global
	GlobalSection(SolutionConfigurationPlatforms) = preSolution
		Debug|Any CPU = Debug|Any CPU
		Release|Any CPU = Release|Any CPU
	EndGlobalSection
	GlobalSection(ProjectConfigurationPlatforms) = postSolution
		{0E586EEC-FDE8-DE03-7F4F-4AA14A7FC33F}.Debug|Any CPU.ActiveCfg = Debug|Any CPU
		{0E586EEC-FDE8-DE03-7F4F-4AA14A7FC33F}.Debug|Any CPU.Build.0 = Debug|Any CPU
		{0E586EEC-FDE8-DE03-7F4F-4AA14A7FC33F}.Release|Any CPU.ActiveCfg = Release|Any CPU
		{0E586EEC-FDE8-DE03-7F4F-4AA14A7FC33F}.Release|Any CPU.Build.0 = Release|Any CPU
		{F01FB486-2596-2A8F-02D4-008A8B757A7B}.Debug|Any CPU.ActiveCfg = Debug|Any CPU
		{F01FB486-2596-2A8F-02D4-008A8B757A7B}.Debug|Any CPU.Build.0 = Debug|Any CPU
		{F01FB486-2596-2A8F-02D4-008A8B757A7B}.Release|Any CPU.ActiveCfg = Release|Any CPU
		{F01FB486-2596-2A8F-02D4-008A8B757A7B}.Release|Any CPU.Build.0 = Release|Any CPU
	EndGlobalSection
	GlobalSection(SolutionProperties) = preSolution
		HideSolutionNode = FALSE
	EndGlobalSection
EndGlobal
